// !$*UTF8*$!
{
	archiveVersion = 1;
	classes = {
	};
	objectVersion = 55;
	objects = {

/* Begin PBXBuildFile section */
		1105F76B28D5B43200EAB243 /* StatisticsModel.swift in Sources */ = {isa = PBXBuildFile; fileRef = 1105F76A28D5B43200EAB243 /* StatisticsModel.swift */; };
		1105F76E28D5B58400EAB243 /* StatisticView.swift in Sources */ = {isa = PBXBuildFile; fileRef = 1105F76D28D5B58400EAB243 /* StatisticView.swift */; };
		1105F77028D5B94F00EAB243 /* HomeStatsView.swift in Sources */ = {isa = PBXBuildFile; fileRef = 1105F76F28D5B94F00EAB243 /* HomeStatsView.swift */; };
		1105F77228D5BDF600EAB243 /* MarketDataModel.swift in Sources */ = {isa = PBXBuildFile; fileRef = 1105F77128D5BDF600EAB243 /* MarketDataModel.swift */; };
		1105F77428D5BE7400EAB243 /* MarketDataService.swift in Sources */ = {isa = PBXBuildFile; fileRef = 1105F77328D5BE7400EAB243 /* MarketDataService.swift */; };
		1105F77628D5CEC700EAB243 /* PortfolioView.swift in Sources */ = {isa = PBXBuildFile; fileRef = 1105F77528D5CEC700EAB243 /* PortfolioView.swift */; };
		1105F77A28D5D31200EAB243 /* CoinScrollView.swift in Sources */ = {isa = PBXBuildFile; fileRef = 1105F77928D5D31200EAB243 /* CoinScrollView.swift */; };
		1105F77D28D5F72700EAB243 /* PortfolioContainer.xcdatamodeld in Sources */ = {isa = PBXBuildFile; fileRef = 1105F77B28D5F72700EAB243 /* PortfolioContainer.xcdatamodeld */; };
		1105F77F28D5F7DA00EAB243 /* PortfolioDataService.swift in Sources */ = {isa = PBXBuildFile; fileRef = 1105F77E28D5F7DA00EAB243 /* PortfolioDataService.swift */; };
		111ADFA528D1C9010036480D /* CryptoAppApp.swift in Sources */ = {isa = PBXBuildFile; fileRef = 111ADFA428D1C9010036480D /* CryptoAppApp.swift */; };
		111ADFA728D1C9010036480D /* ContentView.swift in Sources */ = {isa = PBXBuildFile; fileRef = 111ADFA628D1C9010036480D /* ContentView.swift */; };
		111ADFA928D1C9030036480D /* Assets.xcassets in Resources */ = {isa = PBXBuildFile; fileRef = 111ADFA828D1C9030036480D /* Assets.xcassets */; };
		111ADFAC28D1C9030036480D /* Preview Assets.xcassets in Resources */ = {isa = PBXBuildFile; fileRef = 111ADFAB28D1C9030036480D /* Preview Assets.xcassets */; };
		111ADFB428D1C9670036480D /* Color.swift in Sources */ = {isa = PBXBuildFile; fileRef = 111ADFB328D1C9670036480D /* Color.swift */; };
		111ADFB828D1CADD0036480D /* HomeView.swift in Sources */ = {isa = PBXBuildFile; fileRef = 111ADFB728D1CADD0036480D /* HomeView.swift */; };
		111ADFBF28D1CBE80036480D /* CircleButtonView.swift in Sources */ = {isa = PBXBuildFile; fileRef = 111ADFBE28D1CBE80036480D /* CircleButtonView.swift */; };
		111ADFC128D1D0240036480D /* CircleButtonAnimationView.swift in Sources */ = {isa = PBXBuildFile; fileRef = 111ADFC028D1D0240036480D /* CircleButtonAnimationView.swift */; };
		111ADFC428D1D7370036480D /* CoinModel.swift in Sources */ = {isa = PBXBuildFile; fileRef = 111ADFC328D1D7360036480D /* CoinModel.swift */; };
		111ADFC628D1DA660036480D /* CoinRowView.swift in Sources */ = {isa = PBXBuildFile; fileRef = 111ADFC528D1DA660036480D /* CoinRowView.swift */; };
		111ADFC828D1DA850036480D /* PreviewProvider.swift in Sources */ = {isa = PBXBuildFile; fileRef = 111ADFC728D1DA850036480D /* PreviewProvider.swift */; };
		111ADFCA28D1F14A0036480D /* Double.swift in Sources */ = {isa = PBXBuildFile; fileRef = 111ADFC928D1F14A0036480D /* Double.swift */; };
		111ADFCD28D1F6D90036480D /* HomeViewModel.swift in Sources */ = {isa = PBXBuildFile; fileRef = 111ADFCC28D1F6D90036480D /* HomeViewModel.swift */; };
		111ADFD028D2086F0036480D /* DataService.swift in Sources */ = {isa = PBXBuildFile; fileRef = 111ADFCF28D2086F0036480D /* DataService.swift */; };
		111ADFD428D2EB7A0036480D /* Networking.swift in Sources */ = {isa = PBXBuildFile; fileRef = 111ADFD328D2EB7A0036480D /* Networking.swift */; };
		111ADFD828D2F12B0036480D /* CoinImageView.swift in Sources */ = {isa = PBXBuildFile; fileRef = 111ADFD728D2F12B0036480D /* CoinImageView.swift */; };
		111ADFDA28D2F3240036480D /* CoinImageService.swift in Sources */ = {isa = PBXBuildFile; fileRef = 111ADFD928D2F3230036480D /* CoinImageService.swift */; };
		111ADFDC28D2F5190036480D /* CoinImageViewModel.swift in Sources */ = {isa = PBXBuildFile; fileRef = 111ADFDB28D2F5190036480D /* CoinImageViewModel.swift */; };
		111ADFDE28D2FBC60036480D /* LocalFileManager.swift in Sources */ = {isa = PBXBuildFile; fileRef = 111ADFDD28D2FBC60036480D /* LocalFileManager.swift */; };
		111ADFE128D49D410036480D /* SearchView.swift in Sources */ = {isa = PBXBuildFile; fileRef = 111ADFE028D49D410036480D /* SearchView.swift */; };
		111ADFE328D4A1CB0036480D /* UIApplication.swift in Sources */ = {isa = PBXBuildFile; fileRef = 111ADFE228D4A1CB0036480D /* UIApplication.swift */; };
/* End PBXBuildFile section */

/* Begin PBXFileReference section */
		1105F76A28D5B43200EAB243 /* StatisticsModel.swift */ = {isa = PBXFileReference; lastKnownFileType = sourcecode.swift; path = StatisticsModel.swift; sourceTree = "<group>"; };
		1105F76D28D5B58400EAB243 /* StatisticView.swift */ = {isa = PBXFileReference; lastKnownFileType = sourcecode.swift; path = StatisticView.swift; sourceTree = "<group>"; };
		1105F76F28D5B94F00EAB243 /* HomeStatsView.swift */ = {isa = PBXFileReference; lastKnownFileType = sourcecode.swift; path = HomeStatsView.swift; sourceTree = "<group>"; };
		1105F77128D5BDF600EAB243 /* MarketDataModel.swift */ = {isa = PBXFileReference; fileEncoding = 4; lastKnownFileType = sourcecode.swift; path = MarketDataModel.swift; sourceTree = "<group>"; };
		1105F77328D5BE7400EAB243 /* MarketDataService.swift */ = {isa = PBXFileReference; lastKnownFileType = sourcecode.swift; path = MarketDataService.swift; sourceTree = "<group>"; };
		1105F77528D5CEC700EAB243 /* PortfolioView.swift */ = {isa = PBXFileReference; lastKnownFileType = sourcecode.swift; path = PortfolioView.swift; sourceTree = "<group>"; };
		1105F77928D5D31200EAB243 /* CoinScrollView.swift */ = {isa = PBXFileReference; lastKnownFileType = sourcecode.swift; path = CoinScrollView.swift; sourceTree = "<group>"; };
		1105F77C28D5F72700EAB243 /* PortfolioContainer.xcdatamodel */ = {isa = PBXFileReference; lastKnownFileType = wrapper.xcdatamodel; path = PortfolioContainer.xcdatamodel; sourceTree = "<group>"; };
		1105F77E28D5F7DA00EAB243 /* PortfolioDataService.swift */ = {isa = PBXFileReference; lastKnownFileType = sourcecode.swift; path = PortfolioDataService.swift; sourceTree = "<group>"; };
		111ADFA128D1C9010036480D /* CryptoApp.app */ = {isa = PBXFileReference; explicitFileType = wrapper.application; includeInIndex = 0; path = CryptoApp.app; sourceTree = BUILT_PRODUCTS_DIR; };
		111ADFA428D1C9010036480D /* CryptoAppApp.swift */ = {isa = PBXFileReference; lastKnownFileType = sourcecode.swift; path = CryptoAppApp.swift; sourceTree = "<group>"; };
		111ADFA628D1C9010036480D /* ContentView.swift */ = {isa = PBXFileReference; lastKnownFileType = sourcecode.swift; path = ContentView.swift; sourceTree = "<group>"; };
		111ADFA828D1C9030036480D /* Assets.xcassets */ = {isa = PBXFileReference; lastKnownFileType = folder.assetcatalog; path = Assets.xcassets; sourceTree = "<group>"; };
		111ADFAB28D1C9030036480D /* Preview Assets.xcassets */ = {isa = PBXFileReference; lastKnownFileType = folder.assetcatalog; path = "Preview Assets.xcassets"; sourceTree = "<group>"; };
		111ADFB328D1C9670036480D /* Color.swift */ = {isa = PBXFileReference; fileEncoding = 4; lastKnownFileType = sourcecode.swift; path = Color.swift; sourceTree = "<group>"; };
		111ADFB728D1CADD0036480D /* HomeView.swift */ = {isa = PBXFileReference; lastKnownFileType = sourcecode.swift; path = HomeView.swift; sourceTree = "<group>"; };
		111ADFBE28D1CBE80036480D /* CircleButtonView.swift */ = {isa = PBXFileReference; lastKnownFileType = sourcecode.swift; path = CircleButtonView.swift; sourceTree = "<group>"; };
		111ADFC028D1D0240036480D /* CircleButtonAnimationView.swift */ = {isa = PBXFileReference; lastKnownFileType = sourcecode.swift; path = CircleButtonAnimationView.swift; sourceTree = "<group>"; };
		111ADFC328D1D7360036480D /* CoinModel.swift */ = {isa = PBXFileReference; fileEncoding = 4; lastKnownFileType = sourcecode.swift; path = CoinModel.swift; sourceTree = "<group>"; };
		111ADFC528D1DA660036480D /* CoinRowView.swift */ = {isa = PBXFileReference; lastKnownFileType = sourcecode.swift; path = CoinRowView.swift; sourceTree = "<group>"; };
		111ADFC728D1DA850036480D /* PreviewProvider.swift */ = {isa = PBXFileReference; fileEncoding = 4; lastKnownFileType = sourcecode.swift; path = PreviewProvider.swift; sourceTree = "<group>"; };
		111ADFC928D1F14A0036480D /* Double.swift */ = {isa = PBXFileReference; fileEncoding = 4; lastKnownFileType = sourcecode.swift; path = Double.swift; sourceTree = "<group>"; };
		111ADFCC28D1F6D90036480D /* HomeViewModel.swift */ = {isa = PBXFileReference; lastKnownFileType = sourcecode.swift; path = HomeViewModel.swift; sourceTree = "<group>"; };
		111ADFCF28D2086F0036480D /* DataService.swift */ = {isa = PBXFileReference; lastKnownFileType = sourcecode.swift; path = DataService.swift; sourceTree = "<group>"; };
		111ADFD328D2EB7A0036480D /* Networking.swift */ = {isa = PBXFileReference; lastKnownFileType = sourcecode.swift; path = Networking.swift; sourceTree = "<group>"; };
		111ADFD728D2F12B0036480D /* CoinImageView.swift */ = {isa = PBXFileReference; lastKnownFileType = sourcecode.swift; path = CoinImageView.swift; sourceTree = "<group>"; };
		111ADFD928D2F3230036480D /* CoinImageService.swift */ = {isa = PBXFileReference; lastKnownFileType = sourcecode.swift; path = CoinImageService.swift; sourceTree = "<group>"; };
		111ADFDB28D2F5190036480D /* CoinImageViewModel.swift */ = {isa = PBXFileReference; lastKnownFileType = sourcecode.swift; path = CoinImageViewModel.swift; sourceTree = "<group>"; };
		111ADFDD28D2FBC60036480D /* LocalFileManager.swift */ = {isa = PBXFileReference; lastKnownFileType = sourcecode.swift; path = LocalFileManager.swift; sourceTree = "<group>"; };
		111ADFE028D49D410036480D /* SearchView.swift */ = {isa = PBXFileReference; lastKnownFileType = sourcecode.swift; path = SearchView.swift; sourceTree = "<group>"; };
		111ADFE228D4A1CB0036480D /* UIApplication.swift */ = {isa = PBXFileReference; fileEncoding = 4; lastKnownFileType = sourcecode.swift; path = UIApplication.swift; sourceTree = "<group>"; };
/* End PBXFileReference section */

/* Begin PBXFrameworksBuildPhase section */
		111ADF9E28D1C9010036480D /* Frameworks */ = {
			isa = PBXFrameworksBuildPhase;
			buildActionMask = 2147483647;
			files = (
			);
			runOnlyForDeploymentPostprocessing = 0;
		};
/* End PBXFrameworksBuildPhase section */

/* Begin PBXGroup section */
		1105F76C28D5B57200EAB243 /* StatsView */ = {
			isa = PBXGroup;
			children = (
				1105F76D28D5B58400EAB243 /* StatisticView.swift */,
			);
			path = StatsView;
			sourceTree = "<group>";
		};
		111ADF9828D1C9010036480D = {
			isa = PBXGroup;
			children = (
				111ADFA328D1C9010036480D /* CryptoApp */,
				111ADFA228D1C9010036480D /* Products */,
			);
			sourceTree = "<group>";
		};
		111ADFA228D1C9010036480D /* Products */ = {
			isa = PBXGroup;
			children = (
				111ADFA128D1C9010036480D /* CryptoApp.app */,
			);
			name = Products;
			sourceTree = "<group>";
		};
		111ADFA328D1C9010036480D /* CryptoApp */ = {
			isa = PBXGroup;
			children = (
				111ADFCE28D2085A0036480D /* Services */,
				111ADFC228D1D7280036480D /* Models */,
				111ADFB228D1C9530036480D /* Extensions */,
				111ADFB528D1CABA0036480D /* Core */,
				111ADFA428D1C9010036480D /* CryptoAppApp.swift */,
				111ADFA628D1C9010036480D /* ContentView.swift */,
				111ADFA828D1C9030036480D /* Assets.xcassets */,
				111ADFAA28D1C9030036480D /* Preview Content */,
			);
			path = CryptoApp;
			sourceTree = "<group>";
		};
		111ADFAA28D1C9030036480D /* Preview Content */ = {
			isa = PBXGroup;
			children = (
				111ADFAB28D1C9030036480D /* Preview Assets.xcassets */,
			);
			path = "Preview Content";
			sourceTree = "<group>";
		};
		111ADFB228D1C9530036480D /* Extensions */ = {
			isa = PBXGroup;
			children = (
				111ADFE228D4A1CB0036480D /* UIApplication.swift */,
				111ADFB328D1C9670036480D /* Color.swift */,
				111ADFC728D1DA850036480D /* PreviewProvider.swift */,
				111ADFC928D1F14A0036480D /* Double.swift */,
			);
			path = Extensions;
			sourceTree = "<group>";
		};
		111ADFB528D1CABA0036480D /* Core */ = {
			isa = PBXGroup;
			children = (
				111ADFBC28D1CB020036480D /* Components */,
				111ADFB628D1CAC70036480D /* Home */,
			);
			path = Core;
			sourceTree = "<group>";
		};
		111ADFB628D1CAC70036480D /* Home */ = {
			isa = PBXGroup;
			children = (
				111ADFCB28D1F6C90036480D /* viewModel */,
				111ADFB728D1CADD0036480D /* HomeView.swift */,
				111ADFC528D1DA660036480D /* CoinRowView.swift */,
				1105F76F28D5B94F00EAB243 /* HomeStatsView.swift */,
				1105F77528D5CEC700EAB243 /* PortfolioView.swift */,
			);
			path = Home;
			sourceTree = "<group>";
		};
		111ADFBC28D1CB020036480D /* Components */ = {
			isa = PBXGroup;
			children = (
				1105F76C28D5B57200EAB243 /* StatsView */,
				111ADFDF28D49D310036480D /* SearchView */,
				111ADFD628D2F10C0036480D /* CoinImage */,
				111ADFBD28D1CBD20036480D /* CircleButton */,
				1105F77928D5D31200EAB243 /* CoinScrollView.swift */,
			);
			path = Components;
			sourceTree = "<group>";
		};
		111ADFBD28D1CBD20036480D /* CircleButton */ = {
			isa = PBXGroup;
			children = (
				111ADFBE28D1CBE80036480D /* CircleButtonView.swift */,
				111ADFC028D1D0240036480D /* CircleButtonAnimationView.swift */,
			);
			path = CircleButton;
			sourceTree = "<group>";
		};
		111ADFC228D1D7280036480D /* Models */ = {
			isa = PBXGroup;
			children = (
				1105F77128D5BDF600EAB243 /* MarketDataModel.swift */,
				111ADFC328D1D7360036480D /* CoinModel.swift */,
				1105F76A28D5B43200EAB243 /* StatisticsModel.swift */,
				1105F77B28D5F72700EAB243 /* PortfolioContainer.xcdatamodeld */,
			);
			path = Models;
			sourceTree = "<group>";
		};
		111ADFCB28D1F6C90036480D /* viewModel */ = {
			isa = PBXGroup;
			children = (
				111ADFCC28D1F6D90036480D /* HomeViewModel.swift */,
			);
			path = viewModel;
			sourceTree = "<group>";
		};
		111ADFCE28D2085A0036480D /* Services */ = {
			isa = PBXGroup;
			children = (
				111ADFCF28D2086F0036480D /* DataService.swift */,
				111ADFD328D2EB7A0036480D /* Networking.swift */,
				111ADFD928D2F3230036480D /* CoinImageService.swift */,
				111ADFDD28D2FBC60036480D /* LocalFileManager.swift */,
				1105F77328D5BE7400EAB243 /* MarketDataService.swift */,
				1105F77E28D5F7DA00EAB243 /* PortfolioDataService.swift */,
			);
			path = Services;
			sourceTree = "<group>";
		};
		111ADFD628D2F10C0036480D /* CoinImage */ = {
			isa = PBXGroup;
			children = (
				111ADFD728D2F12B0036480D /* CoinImageView.swift */,
				111ADFDB28D2F5190036480D /* CoinImageViewModel.swift */,
			);
			path = CoinImage;
			sourceTree = "<group>";
		};
		111ADFDF28D49D310036480D /* SearchView */ = {
			isa = PBXGroup;
			children = (
				111ADFE028D49D410036480D /* SearchView.swift */,
			);
			path = SearchView;
			sourceTree = "<group>";
		};
/* End PBXGroup section */

/* Begin PBXNativeTarget section */
		111ADFA028D1C9010036480D /* CryptoApp */ = {
			isa = PBXNativeTarget;
			buildConfigurationList = 111ADFAF28D1C9030036480D /* Build configuration list for PBXNativeTarget "CryptoApp" */;
			buildPhases = (
				111ADF9D28D1C9010036480D /* Sources */,
				111ADF9E28D1C9010036480D /* Frameworks */,
				111ADF9F28D1C9010036480D /* Resources */,
			);
			buildRules = (
			);
			dependencies = (
			);
			name = CryptoApp;
			productName = CryptoApp;
			productReference = 111ADFA128D1C9010036480D /* CryptoApp.app */;
			productType = "com.apple.product-type.application";
		};
/* End PBXNativeTarget section */

/* Begin PBXProject section */
		111ADF9928D1C9010036480D /* Project object */ = {
			isa = PBXProject;
			attributes = {
				BuildIndependentTargetsInParallel = 1;
				LastSwiftUpdateCheck = 1340;
				LastUpgradeCheck = 1340;
				TargetAttributes = {
					111ADFA028D1C9010036480D = {
						CreatedOnToolsVersion = 13.4.1;
					};
				};
			};
			buildConfigurationList = 111ADF9C28D1C9010036480D /* Build configuration list for PBXProject "CryptoApp" */;
			compatibilityVersion = "Xcode 13.0";
			developmentRegion = en;
			hasScannedForEncodings = 0;
			knownRegions = (
				en,
				Base,
			);
			mainGroup = 111ADF9828D1C9010036480D;
			productRefGroup = 111ADFA228D1C9010036480D /* Products */;
			projectDirPath = "";
			projectRoot = "";
			targets = (
				111ADFA028D1C9010036480D /* CryptoApp */,
			);
		};
/* End PBXProject section */

/* Begin PBXResourcesBuildPhase section */
		111ADF9F28D1C9010036480D /* Resources */ = {
			isa = PBXResourcesBuildPhase;
			buildActionMask = 2147483647;
			files = (
				111ADFAC28D1C9030036480D /* Preview Assets.xcassets in Resources */,
				111ADFA928D1C9030036480D /* Assets.xcassets in Resources */,
			);
			runOnlyForDeploymentPostprocessing = 0;
		};
/* End PBXResourcesBuildPhase section */

/* Begin PBXSourcesBuildPhase section */
		111ADF9D28D1C9010036480D /* Sources */ = {
			isa = PBXSourcesBuildPhase;
			buildActionMask = 2147483647;
			files = (
				1105F77D28D5F72700EAB243 /* PortfolioContainer.xcdatamodeld in Sources */,
				111ADFC628D1DA660036480D /* CoinRowView.swift in Sources */,
				111ADFCD28D1F6D90036480D /* HomeViewModel.swift in Sources */,
				111ADFBF28D1CBE80036480D /* CircleButtonView.swift in Sources */,
				1105F77428D5BE7400EAB243 /* MarketDataService.swift in Sources */,
				111ADFD428D2EB7A0036480D /* Networking.swift in Sources */,
				111ADFDE28D2FBC60036480D /* LocalFileManager.swift in Sources */,
				111ADFD028D2086F0036480D /* DataService.swift in Sources */,
				1105F77A28D5D31200EAB243 /* CoinScrollView.swift in Sources */,
				1105F77228D5BDF600EAB243 /* MarketDataModel.swift in Sources */,
				111ADFD828D2F12B0036480D /* CoinImageView.swift in Sources */,
				1105F76E28D5B58400EAB243 /* StatisticView.swift in Sources */,
				111ADFC128D1D0240036480D /* CircleButtonAnimationView.swift in Sources */,
				1105F76B28D5B43200EAB243 /* StatisticsModel.swift in Sources */,
				111ADFE328D4A1CB0036480D /* UIApplication.swift in Sources */,
				111ADFA728D1C9010036480D /* ContentView.swift in Sources */,
				111ADFC428D1D7370036480D /* CoinModel.swift in Sources */,
				111ADFE128D49D410036480D /* SearchView.swift in Sources */,
				111ADFB828D1CADD0036480D /* HomeView.swift in Sources */,
				1105F77028D5B94F00EAB243 /* HomeStatsView.swift in Sources */,
				111ADFA528D1C9010036480D /* CryptoAppApp.swift in Sources */,
				111ADFDC28D2F5190036480D /* CoinImageViewModel.swift in Sources */,
				111ADFB428D1C9670036480D /* Color.swift in Sources */,
				1105F77628D5CEC700EAB243 /* PortfolioView.swift in Sources */,
				111ADFCA28D1F14A0036480D /* Double.swift in Sources */,
				111ADFDA28D2F3240036480D /* CoinImageService.swift in Sources */,
				111ADFC828D1DA850036480D /* PreviewProvider.swift in Sources */,
				1105F77F28D5F7DA00EAB243 /* PortfolioDataService.swift in Sources */,
			);
			runOnlyForDeploymentPostprocessing = 0;
		};
/* End PBXSourcesBuildPhase section */

/* Begin XCBuildConfiguration section */
		111ADFAD28D1C9030036480D /* Debug */ = {
			isa = XCBuildConfiguration;
			buildSettings = {
				ALWAYS_SEARCH_USER_PATHS = NO;
				CLANG_ANALYZER_NONNULL = YES;
				CLANG_ANALYZER_NUMBER_OBJECT_CONVERSION = YES_AGGRESSIVE;
				CLANG_CXX_LANGUAGE_STANDARD = "gnu++17";
				CLANG_ENABLE_MODULES = YES;
				CLANG_ENABLE_OBJC_ARC = YES;
				CLANG_ENABLE_OBJC_WEAK = YES;
				CLANG_WARN_BLOCK_CAPTURE_AUTORELEASING = YES;
				CLANG_WARN_BOOL_CONVERSION = YES;
				CLANG_WARN_COMMA = YES;
				CLANG_WARN_CONSTANT_CONVERSION = YES;
				CLANG_WARN_DEPRECATED_OBJC_IMPLEMENTATIONS = YES;
				CLANG_WARN_DIRECT_OBJC_ISA_USAGE = YES_ERROR;
				CLANG_WARN_DOCUMENTATION_COMMENTS = YES;
				CLANG_WARN_EMPTY_BODY = YES;
				CLANG_WARN_ENUM_CONVERSION = YES;
				CLANG_WARN_INFINITE_RECURSION = YES;
				CLANG_WARN_INT_CONVERSION = YES;
				CLANG_WARN_NON_LITERAL_NULL_CONVERSION = YES;
				CLANG_WARN_OBJC_IMPLICIT_RETAIN_SELF = YES;
				CLANG_WARN_OBJC_LITERAL_CONVERSION = YES;
				CLANG_WARN_OBJC_ROOT_CLASS = YES_ERROR;
				CLANG_WARN_QUOTED_INCLUDE_IN_FRAMEWORK_HEADER = YES;
				CLANG_WARN_RANGE_LOOP_ANALYSIS = YES;
				CLANG_WARN_STRICT_PROTOTYPES = YES;
				CLANG_WARN_SUSPICIOUS_MOVE = YES;
				CLANG_WARN_UNGUARDED_AVAILABILITY = YES_AGGRESSIVE;
				CLANG_WARN_UNREACHABLE_CODE = YES;
				CLANG_WARN__DUPLICATE_METHOD_MATCH = YES;
				COPY_PHASE_STRIP = NO;
				DEBUG_INFORMATION_FORMAT = dwarf;
				ENABLE_STRICT_OBJC_MSGSEND = YES;
				ENABLE_TESTABILITY = YES;
				GCC_C_LANGUAGE_STANDARD = gnu11;
				GCC_DYNAMIC_NO_PIC = NO;
				GCC_NO_COMMON_BLOCKS = YES;
				GCC_OPTIMIZATION_LEVEL = 0;
				GCC_PREPROCESSOR_DEFINITIONS = (
					"DEBUG=1",
					"$(inherited)",
				);
				GCC_WARN_64_TO_32_BIT_CONVERSION = YES;
				GCC_WARN_ABOUT_RETURN_TYPE = YES_ERROR;
				GCC_WARN_UNDECLARED_SELECTOR = YES;
				GCC_WARN_UNINITIALIZED_AUTOS = YES_AGGRESSIVE;
				GCC_WARN_UNUSED_FUNCTION = YES;
				GCC_WARN_UNUSED_VARIABLE = YES;
				IPHONEOS_DEPLOYMENT_TARGET = 15.5;
				MTL_ENABLE_DEBUG_INFO = INCLUDE_SOURCE;
				MTL_FAST_MATH = YES;
				ONLY_ACTIVE_ARCH = YES;
				SDKROOT = iphoneos;
				SWIFT_ACTIVE_COMPILATION_CONDITIONS = DEBUG;
				SWIFT_OPTIMIZATION_LEVEL = "-Onone";
			};
			name = Debug;
		};
		111ADFAE28D1C9030036480D /* Release */ = {
			isa = XCBuildConfiguration;
			buildSettings = {
				ALWAYS_SEARCH_USER_PATHS = NO;
				CLANG_ANALYZER_NONNULL = YES;
				CLANG_ANALYZER_NUMBER_OBJECT_CONVERSION = YES_AGGRESSIVE;
				CLANG_CXX_LANGUAGE_STANDARD = "gnu++17";
				CLANG_ENABLE_MODULES = YES;
				CLANG_ENABLE_OBJC_ARC = YES;
				CLANG_ENABLE_OBJC_WEAK = YES;
				CLANG_WARN_BLOCK_CAPTURE_AUTORELEASING = YES;
				CLANG_WARN_BOOL_CONVERSION = YES;
				CLANG_WARN_COMMA = YES;
				CLANG_WARN_CONSTANT_CONVERSION = YES;
				CLANG_WARN_DEPRECATED_OBJC_IMPLEMENTATIONS = YES;
				CLANG_WARN_DIRECT_OBJC_ISA_USAGE = YES_ERROR;
				CLANG_WARN_DOCUMENTATION_COMMENTS = YES;
				CLANG_WARN_EMPTY_BODY = YES;
				CLANG_WARN_ENUM_CONVERSION = YES;
				CLANG_WARN_INFINITE_RECURSION = YES;
				CLANG_WARN_INT_CONVERSION = YES;
				CLANG_WARN_NON_LITERAL_NULL_CONVERSION = YES;
				CLANG_WARN_OBJC_IMPLICIT_RETAIN_SELF = YES;
				CLANG_WARN_OBJC_LITERAL_CONVERSION = YES;
				CLANG_WARN_OBJC_ROOT_CLASS = YES_ERROR;
				CLANG_WARN_QUOTED_INCLUDE_IN_FRAMEWORK_HEADER = YES;
				CLANG_WARN_RANGE_LOOP_ANALYSIS = YES;
				CLANG_WARN_STRICT_PROTOTYPES = YES;
				CLANG_WARN_SUSPICIOUS_MOVE = YES;
				CLANG_WARN_UNGUARDED_AVAILABILITY = YES_AGGRESSIVE;
				CLANG_WARN_UNREACHABLE_CODE = YES;
				CLANG_WARN__DUPLICATE_METHOD_MATCH = YES;
				COPY_PHASE_STRIP = NO;
				DEBUG_INFORMATION_FORMAT = "dwarf-with-dsym";
				ENABLE_NS_ASSERTIONS = NO;
				ENABLE_STRICT_OBJC_MSGSEND = YES;
				GCC_C_LANGUAGE_STANDARD = gnu11;
				GCC_NO_COMMON_BLOCKS = YES;
				GCC_WARN_64_TO_32_BIT_CONVERSION = YES;
				GCC_WARN_ABOUT_RETURN_TYPE = YES_ERROR;
				GCC_WARN_UNDECLARED_SELECTOR = YES;
				GCC_WARN_UNINITIALIZED_AUTOS = YES_AGGRESSIVE;
				GCC_WARN_UNUSED_FUNCTION = YES;
				GCC_WARN_UNUSED_VARIABLE = YES;
				IPHONEOS_DEPLOYMENT_TARGET = 15.5;
				MTL_ENABLE_DEBUG_INFO = NO;
				MTL_FAST_MATH = YES;
				SDKROOT = iphoneos;
				SWIFT_COMPILATION_MODE = wholemodule;
				SWIFT_OPTIMIZATION_LEVEL = "-O";
				VALIDATE_PRODUCT = YES;
			};
			name = Release;
		};
		111ADFB028D1C9030036480D /* Debug */ = {
			isa = XCBuildConfiguration;
			buildSettings = {
				ASSETCATALOG_COMPILER_APPICON_NAME = AppIcon;
				ASSETCATALOG_COMPILER_GLOBAL_ACCENT_COLOR_NAME = AccentColor;
				CODE_SIGN_STYLE = Automatic;
				CURRENT_PROJECT_VERSION = 1;
				DEVELOPMENT_ASSET_PATHS = "\"CryptoApp/Preview Content\"";
				DEVELOPMENT_TEAM = 4HRL3ZA9BV;
				ENABLE_PREVIEWS = YES;
				GENERATE_INFOPLIST_FILE = YES;
				INFOPLIST_KEY_UIApplicationSceneManifest_Generation = YES;
				INFOPLIST_KEY_UIApplicationSupportsIndirectInputEvents = YES;
				INFOPLIST_KEY_UILaunchScreen_Generation = YES;
				INFOPLIST_KEY_UISupportedInterfaceOrientations_iPad = "UIInterfaceOrientationPortrait UIInterfaceOrientationPortraitUpsideDown UIInterfaceOrientationLandscapeLeft UIInterfaceOrientationLandscapeRight";
				INFOPLIST_KEY_UISupportedInterfaceOrientations_iPhone = "UIInterfaceOrientationPortrait UIInterfaceOrientationLandscapeLeft UIInterfaceOrientationLandscapeRight";
				LD_RUNPATH_SEARCH_PATHS = (
					"$(inherited)",
					"@executable_path/Frameworks",
				);
				MARKETING_VERSION = 1.0;
				PRODUCT_BUNDLE_IDENTIFIER = co.abu.CryptoApp;
				PRODUCT_NAME = "$(TARGET_NAME)";
				SWIFT_EMIT_LOC_STRINGS = YES;
				SWIFT_VERSION = 5.0;
				TARGETED_DEVICE_FAMILY = "1,2";
			};
			name = Debug;
		};
		111ADFB128D1C9030036480D /* Release */ = {
			isa = XCBuildConfiguration;
			buildSettings = {
				ASSETCATALOG_COMPILER_APPICON_NAME = AppIcon;
				ASSETCATALOG_COMPILER_GLOBAL_ACCENT_COLOR_NAME = AccentColor;
				CODE_SIGN_STYLE = Automatic;
				CURRENT_PROJECT_VERSION = 1;
				DEVELOPMENT_ASSET_PATHS = "\"CryptoApp/Preview Content\"";
				DEVELOPMENT_TEAM = 4HRL3ZA9BV;
				ENABLE_PREVIEWS = YES;
				GENERATE_INFOPLIST_FILE = YES;
				INFOPLIST_KEY_UIApplicationSceneManifest_Generation = YES;
				INFOPLIST_KEY_UIApplicationSupportsIndirectInputEvents = YES;
				INFOPLIST_KEY_UILaunchScreen_Generation = YES;
				INFOPLIST_KEY_UISupportedInterfaceOrientations_iPad = "UIInterfaceOrientationPortrait UIInterfaceOrientationPortraitUpsideDown UIInterfaceOrientationLandscapeLeft UIInterfaceOrientationLandscapeRight";
				INFOPLIST_KEY_UISupportedInterfaceOrientations_iPhone = "UIInterfaceOrientationPortrait UIInterfaceOrientationLandscapeLeft UIInterfaceOrientationLandscapeRight";
				LD_RUNPATH_SEARCH_PATHS = (
					"$(inherited)",
					"@executable_path/Frameworks",
				);
				MARKETING_VERSION = 1.0;
				PRODUCT_BUNDLE_IDENTIFIER = co.abu.CryptoApp;
				PRODUCT_NAME = "$(TARGET_NAME)";
				SWIFT_EMIT_LOC_STRINGS = YES;
				SWIFT_VERSION = 5.0;
				TARGETED_DEVICE_FAMILY = "1,2";
			};
			name = Release;
		};
/* End XCBuildConfiguration section */

/* Begin XCConfigurationList section */
		111ADF9C28D1C9010036480D /* Build configuration list for PBXProject "CryptoApp" */ = {
			isa = XCConfigurationList;
			buildConfigurations = (
				111ADFAD28D1C9030036480D /* Debug */,
				111ADFAE28D1C9030036480D /* Release */,
			);
			defaultConfigurationIsVisible = 0;
			defaultConfigurationName = Release;
		};
		111ADFAF28D1C9030036480D /* Build configuration list for PBXNativeTarget "CryptoApp" */ = {
			isa = XCConfigurationList;
			buildConfigurations = (
				111ADFB028D1C9030036480D /* Debug */,
				111ADFB128D1C9030036480D /* Release */,
			);
			defaultConfigurationIsVisible = 0;
			defaultConfigurationName = Release;
		};
/* End XCConfigurationList section */

/* Begin XCVersionGroup section */
		1105F77B28D5F72700EAB243 /* PortfolioContainer.xcdatamodeld */ = {
			isa = XCVersionGroup;
			children = (
				1105F77C28D5F72700EAB243 /* PortfolioContainer.xcdatamodel */,
			);
			currentVersion = 1105F77C28D5F72700EAB243 /* PortfolioContainer.xcdatamodel */;
			path = PortfolioContainer.xcdatamodeld;
			sourceTree = "<group>";
			versionGroupType = wrapper.xcdatamodel;
		};
/* End XCVersionGroup section */
	};
	rootObject = 111ADF9928D1C9010036480D /* Project object */;
}
